
Microsoft Visual Studio Solution File, Format Version 12.00
# Visual Studio Version 17
VisualStudioVersion = 17.13.35806.99 d17.13
MinimumVisualStudioVersion = 10.0.40219.1
Project("{54A90642-561A-4BB1-A94E-469ADEE60C69}") = "todo.client", "todo.client\todo.client.esproj", "{9B5BBB73-3067-4CAA-6AA8-0463D382771A}"
EndProject
Project("{FAE04EC0-301F-11D3-BF4B-00C04F79EFBC}") = "ToDo.Server", "ToDo.Server\ToDo.Server.csproj", "{1A1B6963-5C9B-4669-9957-14492A8DF82E}"
EndProject
Global
	GlobalSection(SolutionConfigurationPlatforms) = preSolution
		Debug|Any CPU = Debug|Any CPU
		Release|Any CPU = Release|Any CPU
	EndGlobalSection
	GlobalSection(ProjectConfigurationPlatforms) = postSolution
		{9B5BBB73-3067-4CAA-6AA8-0463D382771A}.Debug|Any CPU.ActiveCfg = Debug|Any CPU
		{9B5BBB73-3067-4CAA-6AA8-0463D382771A}.Debug|Any CPU.Build.0 = Debug|Any CPU
		{9B5BBB73-3067-4CAA-6AA8-0463D382771A}.Debug|Any CPU.Deploy.0 = Debug|Any CPU
		{9B5BBB73-3067-4CAA-6AA8-0463D382771A}.Release|Any CPU.ActiveCfg = Release|Any CPU
		{9B5BBB73-3067-4CAA-6AA8-0463D382771A}.Release|Any CPU.Build.0 = Release|Any CPU
		{9B5BBB73-3067-4CAA-6AA8-0463D382771A}.Release|Any CPU.Deploy.0 = Release|Any CPU
		{1A1B6963-5C9B-4669-9957-14492A8DF82E}.Debug|Any CPU.ActiveCfg = Debug|Any CPU
		{1A1B6963-5C9B-4669-9957-14492A8DF82E}.Debug|Any CPU.Build.0 = Debug|Any CPU
		{1A1B6963-5C9B-4669-9957-14492A8DF82E}.Release|Any CPU.ActiveCfg = Release|Any CPU
		{1A1B6963-5C9B-4669-9957-14492A8DF82E}.Release|Any CPU.Build.0 = Release|Any CPU
	EndGlobalSection
	GlobalSection(SolutionProperties) = preSolution
		HideSolutionNode = FALSE
	EndGlobalSection
	GlobalSection(ExtensibilityGlobals) = postSolution
		SolutionGuid = {C6E78C95-A673-4AD5-8033-59DCCB2D3EEF}
	EndGlobalSection
EndGlobal
